{
  "version": 4,
  "terraform_version": "1.15.2",
  "serial": 2,
  "lineage": "455939ba-fd0d-5574-fea7-392a31a356d6",
  "outputs": {
    "ecr_repository_url": {
      "value": "701468629308.dkr.ecr.us-east-1.amazonaws.com/funds-api",
      "type": "string"
    }
  },
  "resources": [
    {
      "mode": "managed",
      "type": "aws_ecr_repository",
      "name": "funds_api",
      "provider": "provider[\"registry.terraform.io/hashicorp/aws\"]",
      "instances": [
        {
          "schema_version": 0,
          "attributes": {
            "arn": "arn:aws:ecr:us-east-1:701468629308:repository/funds-api",
            "encryption_configuration": [
              {
                "encryption_type": "AES256",
                "kms_key": ""
              }
            ],
            "force_delete": null,
            "id": "funds-api",
            "image_scanning_configuration": [
              {
                "scan_on_push": true
              }
            ],
            "image_tag_mutability": "MUTABLE",
            "name": "funds-api",
            "registry_id": "701468629308",
            "repository_url": "701468629308.dkr.ecr.us-east-1.amazonaws.com/funds-api",
            "tags": {
              "Environment": "Development",
              "Project": "FundsApi"
            },
            "tags_all": {
              "Environment": "Development",
              "Project": "FundsApi"
            },
            "timeouts": null
          },
          "sensitive_attributes": [],
          "identity_schema_version": 0,
          "private": "eyJlMmJmYjczMC1lY2FhLTExZTYtOGY4OC0zNDM2M2JjN2M0YzAiOnsiZGVsZXRlIjoxMjAwMDAwMDAwMDAwfX0="
        }
      ]
    }
  ],
  "check_results": null
}
